
Microsoft Visual Studio Solution File, Format Version 12.00
# Visual Studio 15
VisualStudioVersion = 15.0.26430.4
MinimumVisualStudioVersion = 10.0.40219.1
Project("{FAE04EC0-301F-11D3-BF4B-00C04F79EFBC}") = "Calculadora.Android", "Calculadora\Calculadora.Android\Calculadora.Android.csproj", "{63339028-51BD-47A9-B560-9B94D7087AAE}"
EndProject
Project("{FAE04EC0-301F-11D3-BF4B-00C04F79EFBC}") = "Calculadora", "Calculadora\Calculadora\Calculadora.csproj", "{2E211F85-8FF8-4A6A-82C2-BD230D290825}"
EndProject
Project("{FAE04EC0-301F-11D3-BF4B-00C04F79EFBC}") = "Calculadora.iOS", "Calculadora\Calculadora.iOS\Calculadora.iOS.csproj", "{CFC4582E-B7E3-4EA2-AC9C-676A116F97E3}"
EndProject
Global
	GlobalSection(SolutionConfigurationPlatforms) = preSolution
		Ad-Hoc|Any CPU = Ad-Hoc|Any CPU
		Ad-Hoc|ARM = Ad-Hoc|ARM
		Ad-Hoc|iPhone = Ad-Hoc|iPhone
		Ad-Hoc|iPhoneSimulator = Ad-Hoc|iPhoneSimulator
		Ad-Hoc|x64 = Ad-Hoc|x64
		Ad-Hoc|x86 = Ad-Hoc|x86
		AppStore|Any CPU = AppStore|Any CPU
		AppStore|ARM = AppStore|ARM
		AppStore|iPhone = AppStore|iPhone
		AppStore|iPhoneSimulator = AppStore|iPhoneSimulator
		AppStore|x64 = AppStore|x64
		AppStore|x86 = AppStore|x86
		Debug|Any CPU = Debug|Any CPU
		Debug|ARM = Debug|ARM
		Debug|iPhone = Debug|iPhone
		Debug|iPhoneSimulator = Debug|iPhoneSimulator
		Debug|x64 = Debug|x64
		Debug|x86 = Debug|x86
		Release|Any CPU = Release|Any CPU
		Release|ARM = Release|ARM
		Release|iPhone = Release|iPhone
		Release|iPhoneSimulator = Release|iPhoneSimulator
		Release|x64 = Release|x64
		Release|x86 = Release|x86
	EndGlobalSection
	GlobalSection(ProjectConfigurationPlatforms) = postSolution
		{63339028-51BD-47A9-B560-9B94D7087AAE}.Ad-Hoc|Any CPU.ActiveCfg = Release|Any CPU
		{63339028-51BD-47A9-B560-9B94D7087AAE}.Ad-Hoc|Any CPU.Build.0 = Release|Any CPU
		{63339028-51BD-47A9-B560-9B94D7087AAE}.Ad-Hoc|Any CPU.Deploy.0 = Release|Any CPU
		{63339028-51BD-47A9-B560-9B94D7087AAE}.Ad-Hoc|ARM.ActiveCfg = Release|Any CPU
		{63339028-51BD-47A9-B560-9B94D7087AAE}.Ad-Hoc|ARM.Build.0 = Release|Any CPU
		{63339028-51BD-47A9-B560-9B94D7087AAE}.Ad-Hoc|ARM.Deploy.0 = Release|Any CPU
		{63339028-51BD-47A9-B560-9B94D7087AAE}.Ad-Hoc|iPhone.ActiveCfg = Release|Any CPU
		{63339028-51BD-47A9-B560-9B94D7087AAE}.Ad-Hoc|iPhone.Build.0 = Release|Any CPU
		{63339028-51BD-47A9-B560-9B94D7087AAE}.Ad-Hoc|iPhone.Deploy.0 = Release|Any CPU
		{63339028-51BD-47A9-B560-9B94D7087AAE}.Ad-Hoc|iPhoneSimulator.ActiveCfg = Release|Any CPU
		{63339028-51BD-47A9-B560-9B94D7087AAE}.Ad-Hoc|iPhoneSimulator.Build.0 = Release|Any CPU
		{63339028-51BD-47A9-B560-9B94D7087AAE}.Ad-Hoc|iPhoneSimulator.Deploy.0 = Release|Any CPU
		{63339028-51BD-47A9-B560-9B94D7087AAE}.Ad-Hoc|x64.ActiveCfg = Release|Any CPU
		{63339028-51BD-47A9-B560-9B94D7087AAE}.Ad-Hoc|x64.Build.0 = Release|Any CPU
		{63339028-51BD-47A9-B560-9B94D7087AAE}.Ad-Hoc|x64.Deploy.0 = Release|Any CPU
		{63339028-51BD-47A9-B560-9B94D7087AAE}.Ad-Hoc|x86.ActiveCfg = Release|Any CPU
		{63339028-51BD-47A9-B560-9B94D7087AAE}.Ad-Hoc|x86.Build.0 = Release|Any CPU
		{63339028-51BD-47A9-B560-9B94D7087AAE}.Ad-Hoc|x86.Deploy.0 = Release|Any CPU
		{63339028-51BD-47A9-B560-9B94D7087AAE}.AppStore|Any CPU.ActiveCfg = Release|Any CPU
		{63339028-51BD-47A9-B560-9B94D7087AAE}.AppStore|Any CPU.Build.0 = Release|Any CPU
		{63339028-51BD-47A9-B560-9B94D7087AAE}.AppStore|Any CPU.Deploy.0 = Release|Any CPU
		{63339028-51BD-47A9-B560-9B94D7087AAE}.AppStore|ARM.ActiveCfg = Release|Any CPU
		{63339028-51BD-47A9-B560-9B94D7087AAE}.AppStore|ARM.Build.0 = Release|Any CPU
		{63339028-51BD-47A9-B560-9B94D7087AAE}.AppStore|ARM.Deploy.0 = Release|Any CPU
		{63339028-51BD-47A9-B560-9B94D7087AAE}.AppStore|iPhone.ActiveCfg = Release|Any CPU
		{63339028-51BD-47A9-B560-9B94D7087AAE}.AppStore|iPhone.Build.0 = Release|Any CPU
		{63339028-51BD-47A9-B560-9B94D7087AAE}.AppStore|iPhone.Deploy.0 = Release|Any CPU
		{63339028-51BD-47A9-B560-9B94D7087AAE}.AppStore|iPhoneSimulator.ActiveCfg = Release|Any CPU
		{63339028-51BD-47A9-B560-9B94D7087AAE}.AppStore|iPhoneSimulator.Build.0 = Release|Any CPU
		{63339028-51BD-47A9-B560-9B94D7087AAE}.AppStore|iPhoneSimulator.Deploy.0 = Release|Any CPU
		{63339028-51BD-47A9-B560-9B94D7087AAE}.AppStore|x64.ActiveCfg = Release|Any CPU
		{63339028-51BD-47A9-B560-9B94D7087AAE}.AppStore|x64.Build.0 = Release|Any CPU
		{63339028-51BD-47A9-B560-9B94D7087AAE}.AppStore|x64.Deploy.0 = Release|Any CPU
		{63339028-51BD-47A9-B560-9B94D7087AAE}.AppStore|x86.ActiveCfg = Release|Any CPU
		{63339028-51BD-47A9-B560-9B94D7087AAE}.AppStore|x86.Build.0 = Release|Any CPU
		{63339028-51BD-47A9-B560-9B94D7087AAE}.AppStore|x86.Deploy.0 = Release|Any CPU
		{63339028-51BD-47A9-B560-9B94D7087AAE}.Debug|Any CPU.ActiveCfg = Debug|Any CPU
		{63339028-51BD-47A9-B560-9B94D7087AAE}.Debug|Any CPU.Build.0 = Debug|Any CPU
		{63339028-51BD-47A9-B560-9B94D7087AAE}.Debug|Any CPU.Deploy.0 = Debug|Any CPU
		{63339028-51BD-47A9-B560-9B94D7087AAE}.Debug|ARM.ActiveCfg = Debug|Any CPU
		{63339028-51BD-47A9-B560-9B94D7087AAE}.Debug|ARM.Build.0 = Debug|Any CPU
		{63339028-51BD-47A9-B560-9B94D7087AAE}.Debug|ARM.Deploy.0 = Debug|Any CPU
		{63339028-51BD-47A9-B560-9B94D7087AAE}.Debug|iPhone.ActiveCfg = Debug|Any CPU
		{63339028-51BD-47A9-B560-9B94D7087AAE}.Debug|iPhone.Build.0 = Debug|Any CPU
		{63339028-51BD-47A9-B560-9B94D7087AAE}.Debug|iPhone.Deploy.0 = Debug|Any CPU
		{63339028-51BD-47A9-B560-9B94D7087AAE}.Debug|iPhoneSimulator.ActiveCfg = Debug|Any CPU
		{63339028-51BD-47A9-B560-9B94D7087AAE}.Debug|iPhoneSimulator.Build.0 = Debug|Any CPU
		{63339028-51BD-47A9-B560-9B94D7087AAE}.Debug|iPhoneSimulator.Deploy.0 = Debug|Any CPU
		{63339028-51BD-47A9-B560-9B94D7087AAE}.Debug|x64.ActiveCfg = Debug|Any CPU
		{63339028-51BD-47A9-B560-9B94D7087AAE}.Debug|x64.Build.0 = Debug|Any CPU
		{63339028-51BD-47A9-B560-9B94D7087AAE}.Debug|x64.Deploy.0 = Debug|Any CPU
		{63339028-51BD-47A9-B560-9B94D7087AAE}.Debug|x86.ActiveCfg = Debug|Any CPU
		{63339028-51BD-47A9-B560-9B94D7087AAE}.Debug|x86.Build.0 = Debug|Any CPU
		{63339028-51BD-47A9-B560-9B94D7087AAE}.Debug|x86.Deploy.0 = Debug|Any CPU
		{63339028-51BD-47A9-B560-9B94D7087AAE}.Release|Any CPU.ActiveCfg = Release|Any CPU
		{63339028-51BD-47A9-B560-9B94D7087AAE}.Release|Any CPU.Build.0 = Release|Any CPU
		{63339028-51BD-47A9-B560-9B94D7087AAE}.Release|Any CPU.Deploy.0 = Release|Any CPU
		{63339028-51BD-47A9-B560-9B94D7087AAE}.Release|ARM.ActiveCfg = Release|Any CPU
		{63339028-51BD-47A9-B560-9B94D7087AAE}.Release|ARM.Build.0 = Release|Any CPU
		{63339028-51BD-47A9-B560-9B94D7087AAE}.Release|ARM.Deploy.0 = Release|Any CPU
		{63339028-51BD-47A9-B560-9B94D7087AAE}.Release|iPhone.ActiveCfg = Release|Any CPU
		{63339028-51BD-47A9-B560-9B94D7087AAE}.Release|iPhone.Build.0 = Release|Any CPU
		{63339028-51BD-47A9-B560-9B94D7087AAE}.Release|iPhone.Deploy.0 = Release|Any CPU
		{63339028-51BD-47A9-B560-9B94D7087AAE}.Release|iPhoneSimulator.ActiveCfg = Release|Any CPU
		{63339028-51BD-47A9-B560-9B94D7087AAE}.Release|iPhoneSimulator.Build.0 = Release|Any CPU
		{63339028-51BD-47A9-B560-9B94D7087AAE}.Release|iPhoneSimulator.Deploy.0 = Release|Any CPU
		{63339028-51BD-47A9-B560-9B94D7087AAE}.Release|x64.ActiveCfg = Release|Any CPU
		{63339028-51BD-47A9-B560-9B94D7087AAE}.Release|x64.Build.0 = Release|Any CPU
		{63339028-51BD-47A9-B560-9B94D7087AAE}.Release|x64.Deploy.0 = Release|Any CPU
		{63339028-51BD-47A9-B560-9B94D7087AAE}.Release|x86.ActiveCfg = Release|Any CPU
		{63339028-51BD-47A9-B560-9B94D7087AAE}.Release|x86.Build.0 = Release|Any CPU
		{63339028-51BD-47A9-B560-9B94D7087AAE}.Release|x86.Deploy.0 = Release|Any CPU
		{2E211F85-8FF8-4A6A-82C2-BD230D290825}.Ad-Hoc|Any CPU.ActiveCfg = Release|Any CPU
		{2E211F85-8FF8-4A6A-82C2-BD230D290825}.Ad-Hoc|Any CPU.Build.0 = Release|Any CPU
		{2E211F85-8FF8-4A6A-82C2-BD230D290825}.Ad-Hoc|ARM.ActiveCfg = Release|Any CPU
		{2E211F85-8FF8-4A6A-82C2-BD230D290825}.Ad-Hoc|ARM.Build.0 = Release|Any CPU
		{2E211F85-8FF8-4A6A-82C2-BD230D290825}.Ad-Hoc|iPhone.ActiveCfg = Release|Any CPU
		{2E211F85-8FF8-4A6A-82C2-BD230D290825}.Ad-Hoc|iPhone.Build.0 = Release|Any CPU
		{2E211F85-8FF8-4A6A-82C2-BD230D290825}.Ad-Hoc|iPhoneSimulator.ActiveCfg = Release|Any CPU
		{2E211F85-8FF8-4A6A-82C2-BD230D290825}.Ad-Hoc|iPhoneSimulator.Build.0 = Release|Any CPU
		{2E211F85-8FF8-4A6A-82C2-BD230D290825}.Ad-Hoc|x64.ActiveCfg = Release|Any CPU
		{2E211F85-8FF8-4A6A-82C2-BD230D290825}.Ad-Hoc|x64.Build.0 = Release|Any CPU
		{2E211F85-8FF8-4A6A-82C2-BD230D290825}.Ad-Hoc|x86.ActiveCfg = Release|Any CPU
		{2E211F85-8FF8-4A6A-82C2-BD230D290825}.Ad-Hoc|x86.Build.0 = Release|Any CPU
		{2E211F85-8FF8-4A6A-82C2-BD230D290825}.AppStore|Any CPU.ActiveCfg = Release|Any CPU
		{2E211F85-8FF8-4A6A-82C2-BD230D290825}.AppStore|Any CPU.Build.0 = Release|Any CPU
		{2E211F85-8FF8-4A6A-82C2-BD230D290825}.AppStore|ARM.ActiveCfg = Release|Any CPU
		{2E211F85-8FF8-4A6A-82C2-BD230D290825}.AppStore|ARM.Build.0 = Release|Any CPU
		{2E211F85-8FF8-4A6A-82C2-BD230D290825}.AppStore|iPhone.ActiveCfg = Release|Any CPU
		{2E211F85-8FF8-4A6A-82C2-BD230D290825}.AppStore|iPhone.Build.0 = Release|Any CPU
		{2E211F85-8FF8-4A6A-82C2-BD230D290825}.AppStore|iPhoneSimulator.ActiveCfg = Release|Any CPU
		{2E211F85-8FF8-4A6A-82C2-BD230D290825}.AppStore|iPhoneSimulator.Build.0 = Release|Any CPU
		{2E211F85-8FF8-4A6A-82C2-BD230D290825}.AppStore|x64.ActiveCfg = Release|Any CPU
		{2E211F85-8FF8-4A6A-82C2-BD230D290825}.AppStore|x64.Build.0 = Release|Any CPU
		{2E211F85-8FF8-4A6A-82C2-BD230D290825}.AppStore|x86.ActiveCfg = Release|Any CPU
		{2E211F85-8FF8-4A6A-82C2-BD230D290825}.AppStore|x86.Build.0 = Release|Any CPU
		{2E211F85-8FF8-4A6A-82C2-BD230D290825}.Debug|Any CPU.ActiveCfg = Debug|Any CPU
		{2E211F85-8FF8-4A6A-82C2-BD230D290825}.Debug|Any CPU.Build.0 = Debug|Any CPU
		{2E211F85-8FF8-4A6A-82C2-BD230D290825}.Debug|ARM.ActiveCfg = Debug|Any CPU
		{2E211F85-8FF8-4A6A-82C2-BD230D290825}.Debug|ARM.Build.0 = Debug|Any CPU
		{2E211F85-8FF8-4A6A-82C2-BD230D290825}.Debug|iPhone.ActiveCfg = Debug|Any CPU
		{2E211F85-8FF8-4A6A-82C2-BD230D290825}.Debug|iPhone.Build.0 = Debug|Any CPU
		{2E211F85-8FF8-4A6A-82C2-BD230D290825}.Debug|iPhoneSimulator.ActiveCfg = Debug|Any CPU
		{2E211F85-8FF8-4A6A-82C2-BD230D290825}.Debug|iPhoneSimulator.Build.0 = Debug|Any CPU
		{2E211F85-8FF8-4A6A-82C2-BD230D290825}.Debug|x64.ActiveCfg = Debug|Any CPU
		{2E211F85-8FF8-4A6A-82C2-BD230D290825}.Debug|x64.Build.0 = Debug|Any CPU
		{2E211F85-8FF8-4A6A-82C2-BD230D290825}.Debug|x86.ActiveCfg = Debug|Any CPU
		{2E211F85-8FF8-4A6A-82C2-BD230D290825}.Debug|x86.Build.0 = Debug|Any CPU
		{2E211F85-8FF8-4A6A-82C2-BD230D290825}.Release|Any CPU.ActiveCfg = Release|Any CPU
		{2E211F85-8FF8-4A6A-82C2-BD230D290825}.Release|Any CPU.Build.0 = Release|Any CPU
		{2E211F85-8FF8-4A6A-82C2-BD230D290825}.Release|ARM.ActiveCfg = Release|Any CPU
		{2E211F85-8FF8-4A6A-82C2-BD230D290825}.Release|ARM.Build.0 = Release|Any CPU
		{2E211F85-8FF8-4A6A-82C2-BD230D290825}.Release|iPhone.ActiveCfg = Release|Any CPU
		{2E211F85-8FF8-4A6A-82C2-BD230D290825}.Release|iPhone.Build.0 = Release|Any CPU
		{2E211F85-8FF8-4A6A-82C2-BD230D290825}.Release|iPhoneSimulator.ActiveCfg = Release|Any CPU
		{2E211F85-8FF8-4A6A-82C2-BD230D290825}.Release|iPhoneSimulator.Build.0 = Release|Any CPU
		{2E211F85-8FF8-4A6A-82C2-BD230D290825}.Release|x64.ActiveCfg = Release|Any CPU
		{2E211F85-8FF8-4A6A-82C2-BD230D290825}.Release|x64.Build.0 = Release|Any CPU
		{2E211F85-8FF8-4A6A-82C2-BD230D290825}.Release|x86.ActiveCfg = Release|Any CPU
		{2E211F85-8FF8-4A6A-82C2-BD230D290825}.Release|x86.Build.0 = Release|Any CPU
		{CFC4582E-B7E3-4EA2-AC9C-676A116F97E3}.Ad-Hoc|Any CPU.ActiveCfg = Ad-Hoc|iPhone
		{CFC4582E-B7E3-4EA2-AC9C-676A116F97E3}.Ad-Hoc|ARM.ActiveCfg = Ad-Hoc|iPhone
		{CFC4582E-B7E3-4EA2-AC9C-676A116F97E3}.Ad-Hoc|iPhone.ActiveCfg = Ad-Hoc|iPhone
		{CFC4582E-B7E3-4EA2-AC9C-676A116F97E3}.Ad-Hoc|iPhone.Build.0 = Ad-Hoc|iPhone
		{CFC4582E-B7E3-4EA2-AC9C-676A116F97E3}.Ad-Hoc|iPhoneSimulator.ActiveCfg = Ad-Hoc|iPhoneSimulator
		{CFC4582E-B7E3-4EA2-AC9C-676A116F97E3}.Ad-Hoc|iPhoneSimulator.Build.0 = Ad-Hoc|iPhoneSimulator
		{CFC4582E-B7E3-4EA2-AC9C-676A116F97E3}.Ad-Hoc|x64.ActiveCfg = Ad-Hoc|iPhone
		{CFC4582E-B7E3-4EA2-AC9C-676A116F97E3}.Ad-Hoc|x86.ActiveCfg = Ad-Hoc|iPhone
		{CFC4582E-B7E3-4EA2-AC9C-676A116F97E3}.AppStore|Any CPU.ActiveCfg = AppStore|iPhone
		{CFC4582E-B7E3-4EA2-AC9C-676A116F97E3}.AppStore|ARM.ActiveCfg = AppStore|iPhone
		{CFC4582E-B7E3-4EA2-AC9C-676A116F97E3}.AppStore|iPhone.ActiveCfg = AppStore|iPhone
		{CFC4582E-B7E3-4EA2-AC9C-676A116F97E3}.AppStore|iPhone.Build.0 = AppStore|iPhone
		{CFC4582E-B7E3-4EA2-AC9C-676A116F97E3}.AppStore|iPhoneSimulator.ActiveCfg = AppStore|iPhoneSimulator
		{CFC4582E-B7E3-4EA2-AC9C-676A116F97E3}.AppStore|iPhoneSimulator.Build.0 = AppStore|iPhoneSimulator
		{CFC4582E-B7E3-4EA2-AC9C-676A116F97E3}.AppStore|x64.ActiveCfg = AppStore|iPhone
		{CFC4582E-B7E3-4EA2-AC9C-676A116F97E3}.AppStore|x86.ActiveCfg = AppStore|iPhone
		{CFC4582E-B7E3-4EA2-AC9C-676A116F97E3}.Debug|Any CPU.ActiveCfg = Debug|iPhone
		{CFC4582E-B7E3-4EA2-AC9C-676A116F97E3}.Debug|ARM.ActiveCfg = Debug|iPhone
		{CFC4582E-B7E3-4EA2-AC9C-676A116F97E3}.Debug|iPhone.ActiveCfg = Debug|iPhone
		{CFC4582E-B7E3-4EA2-AC9C-676A116F97E3}.Debug|iPhone.Build.0 = Debug|iPhone
		{CFC4582E-B7E3-4EA2-AC9C-676A116F97E3}.Debug|iPhoneSimulator.ActiveCfg = Debug|iPhoneSimulator
		{CFC4582E-B7E3-4EA2-AC9C-676A116F97E3}.Debug|iPhoneSimulator.Build.0 = Debug|iPhoneSimulator
		{CFC4582E-B7E3-4EA2-AC9C-676A116F97E3}.Debug|x64.ActiveCfg = Debug|iPhone
		{CFC4582E-B7E3-4EA2-AC9C-676A116F97E3}.Debug|x86.ActiveCfg = Debug|iPhone
		{CFC4582E-B7E3-4EA2-AC9C-676A116F97E3}.Release|Any CPU.ActiveCfg = Release|iPhone
		{CFC4582E-B7E3-4EA2-AC9C-676A116F97E3}.Release|ARM.ActiveCfg = Release|iPhone
		{CFC4582E-B7E3-4EA2-AC9C-676A116F97E3}.Release|iPhone.ActiveCfg = Release|iPhone
		{CFC4582E-B7E3-4EA2-AC9C-676A116F97E3}.Release|iPhone.Build.0 = Release|iPhone
		{CFC4582E-B7E3-4EA2-AC9C-676A116F97E3}.Release|iPhoneSimulator.ActiveCfg = Release|iPhoneSimulator
		{CFC4582E-B7E3-4EA2-AC9C-676A116F97E3}.Release|iPhoneSimulator.Build.0 = Release|iPhoneSimulator
		{CFC4582E-B7E3-4EA2-AC9C-676A116F97E3}.Release|x64.ActiveCfg = Release|iPhone
		{CFC4582E-B7E3-4EA2-AC9C-676A116F97E3}.Release|x86.ActiveCfg = Release|iPhone
	EndGlobalSection
	GlobalSection(SolutionProperties) = preSolution
		HideSolutionNode = FALSE
	EndGlobalSection
EndGlobal
